
Microsoft Visual Studio Solution File, Format Version 12.00
# Visual Studio Version 17
VisualStudioVersion = 17.2.32616.157
MinimumVisualStudioVersion = 10.0.40219.1
Project("{00D1A9C2-B5F0-4AF3-8072-F6C62B433612}") = "FlyerSatisfactionDatabase", "FlyerSatisfactionDatabase\FlyerSatisfactionDatabase.sqlproj", "{C901658E-3961-4B92-9F63-213D7D722E2A}"
EndProject
Global
	GlobalSection(SolutionConfigurationPlatforms) = preSolution
		Debug|Any CPU = Debug|Any CPU
		Release|Any CPU = Release|Any CPU
	EndGlobalSection
	GlobalSection(ProjectConfigurationPlatforms) = postSolution
		{C901658E-3961-4B92-9F63-213D7D722E2A}.Debug|Any CPU.ActiveCfg = Debug|Any CPU
		{C901658E-3961-4B92-9F63-213D7D722E2A}.Debug|Any CPU.Build.0 = Debug|Any CPU
		{C901658E-3961-4B92-9F63-213D7D722E2A}.Debug|Any CPU.Deploy.0 = Debug|Any CPU
		{C901658E-3961-4B92-9F63-213D7D722E2A}.Release|Any CPU.ActiveCfg = Release|Any CPU
		{C901658E-3961-4B92-9F63-213D7D722E2A}.Release|Any CPU.Build.0 = Release|Any CPU
		{C901658E-3961-4B92-9F63-213D7D722E2A}.Release|Any CPU.Deploy.0 = Release|Any CPU
	EndGlobalSection
	GlobalSection(SolutionProperties) = preSolution
		HideSolutionNode = FALSE
	EndGlobalSection
	GlobalSection(ExtensibilityGlobals) = postSolution
		SolutionGuid = {C61142E2-2008-4B7C-9253-F60611776D8B}
	EndGlobalSection
EndGlobal
